{
  "name": "exist-jupyter-kernel",
  "version": "0.1.0",
  "lockfileVersion": 3,
  "requires": true,
  "packages": {
    "": {
      "name": "exist-jupyter-kernel",
      "version": "0.1.0",
      "license": "LGPL-2.1-only",
      "dependencies": {
        "uuid": "^11.1.0",
        "zeromq": "^6.4.2"
      },
      "bin": {
        "exist-jupyter-kernel": "bin/cli.js"
      },
      "devDependencies": {},
      "engines": {
        "node": ">=18.0.0"
      }
    },
    "node_modules/cmake-ts": {
      "version": "1.0.2",
      "resolved": "https://registry.npmjs.org/cmake-ts/-/cmake-ts-1.0.2.tgz",
      "integrity": "sha512-5l++JHE7MxFuyV/OwJf3ek7ZZN1aGPFPM5oUz6AnK5inQAPe4TFXRMz5sA2qg2FRgByPWdqO+gSfIPo8GzoKNQ==",
      "license": "MIT",
      "bin": {
        "cmake-ts": "build/main.js"
      }
    },
    "node_modules/node-addon-api": {
      "version": "8.7.0",
      "resolved": "https://registry.npmjs.org/node-addon-api/-/node-addon-api-8.7.0.tgz",
      "integrity": "sha512-9MdFxmkKaOYVTV+XVRG8ArDwwQ77XIgIPyKASB1k3JPq3M8fGQQQE3YpMOrKm6g//Ktx8ivZr8xo1Qmtqub+GA==",
      "license": "MIT",
      "engines": {
        "node": "^18 || ^20 || >= 21"
      }
    },
    "node_modules/uuid": {
      "version": "11.1.0",
      "resolved": "https://registry.npmjs.org/uuid/-/uuid-11.1.0.tgz",
      "integrity": "sha512-0/A9rDy9P7cJ+8w1c9WD9V//9Wj15Ce2MPz8Ri6032usz+NfePxx5AcN3bN+r6ZL6jEo066/yNYB3tn4pQEx+A==",
      "funding": [
        "https://github.com/sponsors/broofa",
        "https://github.com/sponsors/ctavan"
      ],
      "license": "MIT",
      "bin": {
        "uuid": "dist/esm/bin/uuid"
      }
    },
    "node_modules/zeromq": {
      "version": "6.5.0",
      "resolved": "https://registry.npmjs.org/zeromq/-/zeromq-6.5.0.tgz",
      "integrity": "sha512-vWOrt19lvcXTxu5tiHXfEGQuldSlU+qZn2TT+4EbRQzaciWGwNZ99QQTolQOmcwVgZLodv+1QfC6UZs2PX/6pQ==",
      "hasInstallScript": true,
      "license": "MIT AND MPL-2.0",
      "dependencies": {
        "cmake-ts": "1.0.2",
        "node-addon-api": "^8.3.1"
      },
      "engines": {
        "node": ">= 12"
      }
    }
  }
}
